// !$*UTF8*$!
{
	archiveVersion = 1;
	classes = {
	};
	objectVersion = 50;
	objects = {

/* Begin PBXBuildFile section */
		2F4D094B2184810A00ED04D8 /* AppDelegate.swift in Sources */ = {isa = PBXBuildFile; fileRef = 2F4D094A2184810A00ED04D8 /* AppDelegate.swift */; };
		2F4D094D2184810A00ED04D8 /* Controller.swift in Sources */ = {isa = PBXBuildFile; fileRef = 2F4D094C2184810A00ED04D8 /* Controller.swift */; };
		2F4D09502184810A00ED04D8 /* Main.storyboard in Resources */ = {isa = PBXBuildFile; fileRef = 2F4D094E2184810A00ED04D8 /* Main.storyboard */; };
		2F4D09522184810C00ED04D8 /* Assets.xcassets in Resources */ = {isa = PBXBuildFile; fileRef = 2F4D09512184810C00ED04D8 /* Assets.xcassets */; };
		2F4D09552184810C00ED04D8 /* LaunchScreen.storyboard in Resources */ = {isa = PBXBuildFile; fileRef = 2F4D09532184810C00ED04D8 /* LaunchScreen.storyboard */; };
		2F4D09602184834900ED04D8 /* AppleProduct.swift in Sources */ = {isa = PBXBuildFile; fileRef = 2F4D095F2184834900ED04D8 /* AppleProduct.swift */; };
		2F4D0962218484C600ED04D8 /* CustomPrettyView.swift in Sources */ = {isa = PBXBuildFile; fileRef = 2F4D0961218484C600ED04D8 /* CustomPrettyView.swift */; };
/* End PBXBuildFile section */

/* Begin PBXFileReference section */
		2F4D09472184810A00ED04D8 /* mvc-capn.app */ = {isa = PBXFileReference; explicitFileType = wrapper.application; includeInIndex = 0; path = "mvc-capn.app"; sourceTree = BUILT_PRODUCTS_DIR; };
		2F4D094A2184810A00ED04D8 /* AppDelegate.swift */ = {isa = PBXFileReference; lastKnownFileType = sourcecode.swift; path = AppDelegate.swift; sourceTree = "<group>"; };
		2F4D094C2184810A00ED04D8 /* Controller.swift */ = {isa = PBXFileReference; lastKnownFileType = sourcecode.swift; path = Controller.swift; sourceTree = "<group>"; };
		2F4D094F2184810A00ED04D8 /* Base */ = {isa = PBXFileReference; lastKnownFileType = file.storyboard; name = Base; path = Base.lproj/Main.storyboard; sourceTree = "<group>"; };
		2F4D09512184810C00ED04D8 /* Assets.xcassets */ = {isa = PBXFileReference; lastKnownFileType = folder.assetcatalog; path = Assets.xcassets; sourceTree = "<group>"; };
		2F4D09542184810C00ED04D8 /* Base */ = {isa = PBXFileReference; lastKnownFileType = file.storyboard; name = Base; path = Base.lproj/LaunchScreen.storyboard; sourceTree = "<group>"; };
		2F4D09562184810C00ED04D8 /* Info.plist */ = {isa = PBXFileReference; lastKnownFileType = text.plist.xml; path = Info.plist; sourceTree = "<group>"; };
		2F4D095F2184834900ED04D8 /* AppleProduct.swift */ = {isa = PBXFileReference; lastKnownFileType = sourcecode.swift; path = AppleProduct.swift; sourceTree = "<group>"; };
		2F4D0961218484C600ED04D8 /* CustomPrettyView.swift */ = {isa = PBXFileReference; lastKnownFileType = sourcecode.swift; path = CustomPrettyView.swift; sourceTree = "<group>"; };
/* End PBXFileReference section */

/* Begin PBXFrameworksBuildPhase section */
		2F4D09442184810A00ED04D8 /* Frameworks */ = {
			isa = PBXFrameworksBuildPhase;
			buildActionMask = 2147483647;
			files = (
			);
			runOnlyForDeploymentPostprocessing = 0;
		};
/* End PBXFrameworksBuildPhase section */

/* Begin PBXGroup section */
		2F4D093E2184810A00ED04D8 = {
			isa = PBXGroup;
			children = (
				2F4D09492184810A00ED04D8 /* mvc-capn */,
				2F4D09482184810A00ED04D8 /* Products */,
			);
			sourceTree = "<group>";
		};
		2F4D09482184810A00ED04D8 /* Products */ = {
			isa = PBXGroup;
			children = (
				2F4D09472184810A00ED04D8 /* mvc-capn.app */,
			);
			name = Products;
			sourceTree = "<group>";
		};
		2F4D09492184810A00ED04D8 /* mvc-capn */ = {
			isa = PBXGroup;
			children = (
				2F4D095E2184821A00ED04D8 /* Model */,
				2F4D095D2184821500ED04D8 /* View */,
				2F4D095C218481FB00ED04D8 /* Controller */,
				2F4D094A2184810A00ED04D8 /* AppDelegate.swift */,
				2F4D094E2184810A00ED04D8 /* Main.storyboard */,
				2F4D09512184810C00ED04D8 /* Assets.xcassets */,
				2F4D09532184810C00ED04D8 /* LaunchScreen.storyboard */,
				2F4D09562184810C00ED04D8 /* Info.plist */,
			);
			path = "mvc-capn";
			sourceTree = "<group>";
		};
		2F4D095C218481FB00ED04D8 /* Controller */ = {
			isa = PBXGroup;
			children = (
				2F4D094C2184810A00ED04D8 /* Controller.swift */,
			);
			path = Controller;
			sourceTree = "<group>";
		};
		2F4D095D2184821500ED04D8 /* View */ = {
			isa = PBXGroup;
			children = (
				2F4D0961218484C600ED04D8 /* CustomPrettyView.swift */,
			);
			path = View;
			sourceTree = "<group>";
		};
		2F4D095E2184821A00ED04D8 /* Model */ = {
			isa = PBXGroup;
			children = (
				2F4D095F2184834900ED04D8 /* AppleProduct.swift */,
			);
			path = Model;
			sourceTree = "<group>";
		};
/* End PBXGroup section */

/* Begin PBXNativeTarget section */
		2F4D09462184810A00ED04D8 /* mvc-capn */ = {
			isa = PBXNativeTarget;
			buildConfigurationList = 2F4D09592184810C00ED04D8 /* Build configuration list for PBXNativeTarget "mvc-capn" */;
			buildPhases = (
				2F4D09432184810A00ED04D8 /* Sources */,
				2F4D09442184810A00ED04D8 /* Frameworks */,
				2F4D09452184810A00ED04D8 /* Resources */,
			);
			buildRules = (
			);
			dependencies = (
			);
			name = "mvc-capn";
			productName = "mvc-capn";
			productReference = 2F4D09472184810A00ED04D8 /* mvc-capn.app */;
			productType = "com.apple.product-type.application";
		};
/* End PBXNativeTarget section */

/* Begin PBXProject section */
		2F4D093F2184810A00ED04D8 /* Project object */ = {
			isa = PBXProject;
			attributes = {
				LastSwiftUpdateCheck = 1000;
				LastUpgradeCheck = 1000;
				ORGANIZATIONNAME = exxe;
				TargetAttributes = {
					2F4D09462184810A00ED04D8 = {
						CreatedOnToolsVersion = 10.0;
					};
				};
			};
			buildConfigurationList = 2F4D09422184810A00ED04D8 /* Build configuration list for PBXProject "mvc-capn" */;
			compatibilityVersion = "Xcode 9.3";
			developmentRegion = en;
			hasScannedForEncodings = 0;
			knownRegions = (
				en,
				Base,
			);
			mainGroup = 2F4D093E2184810A00ED04D8;
			productRefGroup = 2F4D09482184810A00ED04D8 /* Products */;
			projectDirPath = "";
			projectRoot = "";
			targets = (
				2F4D09462184810A00ED04D8 /* mvc-capn */,
			);
		};
/* End PBXProject section */

/* Begin PBXResourcesBuildPhase section */
		2F4D09452184810A00ED04D8 /* Resources */ = {
			isa = PBXResourcesBuildPhase;
			buildActionMask = 2147483647;
			files = (
				2F4D09552184810C00ED04D8 /* LaunchScreen.storyboard in Resources */,
				2F4D09522184810C00ED04D8 /* Assets.xcassets in Resources */,
				2F4D09502184810A00ED04D8 /* Main.storyboard in Resources */,
			);
			runOnlyForDeploymentPostprocessing = 0;
		};
/* End PBXResourcesBuildPhase section */

/* Begin PBXSourcesBuildPhase section */
		2F4D09432184810A00ED04D8 /* Sources */ = {
			isa = PBXSourcesBuildPhase;
			buildActionMask = 2147483647;
			files = (
				2F4D09602184834900ED04D8 /* AppleProduct.swift in Sources */,
				2F4D094D2184810A00ED04D8 /* Controller.swift in Sources */,
				2F4D094B2184810A00ED04D8 /* AppDelegate.swift in Sources */,
				2F4D0962218484C600ED04D8 /* CustomPrettyView.swift in Sources */,
			);
			runOnlyForDeploymentPostprocessing = 0;
		};
/* End PBXSourcesBuildPhase section */

/* Begin PBXVariantGroup section */
		2F4D094E2184810A00ED04D8 /* Main.storyboard */ = {
			isa = PBXVariantGroup;
			children = (
				2F4D094F2184810A00ED04D8 /* Base */,
			);
			name = Main.storyboard;
			sourceTree = "<group>";
		};
		2F4D09532184810C00ED04D8 /* LaunchScreen.storyboard */ = {
			isa = PBXVariantGroup;
			children = (
				2F4D09542184810C00ED04D8 /* Base */,
			);
			name = LaunchScreen.storyboard;
			sourceTree = "<group>";
		};
/* End PBXVariantGroup section */

/* Begin XCBuildConfiguration section */
		2F4D09572184810C00ED04D8 /* Debug */ = {
			isa = XCBuildConfiguration;
			buildSettings = {
				ALWAYS_SEARCH_USER_PATHS = NO;
				CLANG_ANALYZER_NONNULL = YES;
				CLANG_ANALYZER_NUMBER_OBJECT_CONVERSION = YES_AGGRESSIVE;
				CLANG_CXX_LANGUAGE_STANDARD = "gnu++14";
				CLANG_CXX_LIBRARY = "libc++";
				CLANG_ENABLE_MODULES = YES;
				CLANG_ENABLE_OBJC_ARC = YES;
				CLANG_ENABLE_OBJC_WEAK = YES;
				CLANG_WARN_BLOCK_CAPTURE_AUTORELEASING = YES;
				CLANG_WARN_BOOL_CONVERSION = YES;
				CLANG_WARN_COMMA = YES;
				CLANG_WARN_CONSTANT_CONVERSION = YES;
				CLANG_WARN_DEPRECATED_OBJC_IMPLEMENTATIONS = YES;
				CLANG_WARN_DIRECT_OBJC_ISA_USAGE = YES_ERROR;
				CLANG_WARN_DOCUMENTATION_COMMENTS = YES;
				CLANG_WARN_EMPTY_BODY = YES;
				CLANG_WARN_ENUM_CONVERSION = YES;
				CLANG_WARN_INFINITE_RECURSION = YES;
				CLANG_WARN_INT_CONVERSION = YES;
				CLANG_WARN_NON_LITERAL_NULL_CONVERSION = YES;
				CLANG_WARN_OBJC_IMPLICIT_RETAIN_SELF = YES;
				CLANG_WARN_OBJC_LITERAL_CONVERSION = YES;
				CLANG_WARN_OBJC_ROOT_CLASS = YES_ERROR;
				CLANG_WARN_RANGE_LOOP_ANALYSIS = YES;
				CLANG_WARN_STRICT_PROTOTYPES = YES;
				CLANG_WARN_SUSPICIOUS_MOVE = YES;
				CLANG_WARN_UNGUARDED_AVAILABILITY = YES_AGGRESSIVE;
				CLANG_WARN_UNREACHABLE_CODE = YES;
				CLANG_WARN__DUPLICATE_METHOD_MATCH = YES;
				CODE_SIGN_IDENTITY = "iPhone Developer";
				COPY_PHASE_STRIP = NO;
				DEBUG_INFORMATION_FORMAT = dwarf;
				ENABLE_STRICT_OBJC_MSGSEND = YES;
				ENABLE_TESTABILITY = YES;
				GCC_C_LANGUAGE_STANDARD = gnu11;
				GCC_DYNAMIC_NO_PIC = NO;
				GCC_NO_COMMON_BLOCKS = YES;
				GCC_OPTIMIZATION_LEVEL = 0;
				GCC_PREPROCESSOR_DEFINITIONS = (
					"DEBUG=1",
					"$(inherited)",
				);
				GCC_WARN_64_TO_32_BIT_CONVERSION = YES;
				GCC_WARN_ABOUT_RETURN_TYPE = YES_ERROR;
				GCC_WARN_UNDECLARED_SELECTOR = YES;
				GCC_WARN_UNINITIALIZED_AUTOS = YES_AGGRESSIVE;
				GCC_WARN_UNUSED_FUNCTION = YES;
				GCC_WARN_UNUSED_VARIABLE = YES;
				IPHONEOS_DEPLOYMENT_TARGET = 12.0;
				MTL_ENABLE_DEBUG_INFO = INCLUDE_SOURCE;
				MTL_FAST_MATH = YES;
				ONLY_ACTIVE_ARCH = YES;
				SDKROOT = iphoneos;
				SWIFT_ACTIVE_COMPILATION_CONDITIONS = DEBUG;
				SWIFT_OPTIMIZATION_LEVEL = "-Onone";
			};
			name = Debug;
		};
		2F4D09582184810C00ED04D8 /* Release */ = {
			isa = XCBuildConfiguration;
			buildSettings = {
				ALWAYS_SEARCH_USER_PATHS = NO;
				CLANG_ANALYZER_NONNULL = YES;
				CLANG_ANALYZER_NUMBER_OBJECT_CONVERSION = YES_AGGRESSIVE;
				CLANG_CXX_LANGUAGE_STANDARD = "gnu++14";
				CLANG_CXX_LIBRARY = "libc++";
				CLANG_ENABLE_MODULES = YES;
				CLANG_ENABLE_OBJC_ARC = YES;
				CLANG_ENABLE_OBJC_WEAK = YES;
				CLANG_WARN_BLOCK_CAPTURE_AUTORELEASING = YES;
				CLANG_WARN_BOOL_CONVERSION = YES;
				CLANG_WARN_COMMA = YES;
				CLANG_WARN_CONSTANT_CONVERSION = YES;
				CLANG_WARN_DEPRECATED_OBJC_IMPLEMENTATIONS = YES;
				CLANG_WARN_DIRECT_OBJC_ISA_USAGE = YES_ERROR;
				CLANG_WARN_DOCUMENTATION_COMMENTS = YES;
				CLANG_WARN_EMPTY_BODY = YES;
				CLANG_WARN_ENUM_CONVERSION = YES;
				CLANG_WARN_INFINITE_RECURSION = YES;
				CLANG_WARN_INT_CONVERSION = YES;
				CLANG_WARN_NON_LITERAL_NULL_CONVERSION = YES;
				CLANG_WARN_OBJC_IMPLICIT_RETAIN_SELF = YES;
				CLANG_WARN_OBJC_LITERAL_CONVERSION = YES;
				CLANG_WARN_OBJC_ROOT_CLASS = YES_ERROR;
				CLANG_WARN_RANGE_LOOP_ANALYSIS = YES;
				CLANG_WARN_STRICT_PROTOTYPES = YES;
				CLANG_WARN_SUSPICIOUS_MOVE = YES;
				CLANG_WARN_UNGUARDED_AVAILABILITY = YES_AGGRESSIVE;
				CLANG_WARN_UNREACHABLE_CODE = YES;
				CLANG_WARN__DUPLICATE_METHOD_MATCH = YES;
				CODE_SIGN_IDENTITY = "iPhone Developer";
				COPY_PHASE_STRIP = NO;
				DEBUG_INFORMATION_FORMAT = "dwarf-with-dsym";
				ENABLE_NS_ASSERTIONS = NO;
				ENABLE_STRICT_OBJC_MSGSEND = YES;
				GCC_C_LANGUAGE_STANDARD = gnu11;
				GCC_NO_COMMON_BLOCKS = YES;
				GCC_WARN_64_TO_32_BIT_CONVERSION = YES;
				GCC_WARN_ABOUT_RETURN_TYPE = YES_ERROR;
				GCC_WARN_UNDECLARED_SELECTOR = YES;
				GCC_WARN_UNINITIALIZED_AUTOS = YES_AGGRESSIVE;
				GCC_WARN_UNUSED_FUNCTION = YES;
				GCC_WARN_UNUSED_VARIABLE = YES;
				IPHONEOS_DEPLOYMENT_TARGET = 12.0;
				MTL_ENABLE_DEBUG_INFO = NO;
				MTL_FAST_MATH = YES;
				SDKROOT = iphoneos;
				SWIFT_COMPILATION_MODE = wholemodule;
				SWIFT_OPTIMIZATION_LEVEL = "-O";
				VALIDATE_PRODUCT = YES;
			};
			name = Release;
		};
		2F4D095A2184810C00ED04D8 /* Debug */ = {
			isa = XCBuildConfiguration;
			buildSettings = {
				ASSETCATALOG_COMPILER_APPICON_NAME = AppIcon;
				CODE_SIGN_STYLE = Automatic;
				DEVELOPMENT_TEAM = 26S7LY8D22;
				INFOPLIST_FILE = "mvc-capn/Info.plist";
				LD_RUNPATH_SEARCH_PATHS = (
					"$(inherited)",
					"@executable_path/Frameworks",
				);
				PRODUCT_BUNDLE_IDENTIFIER = "com.exxeapp.mvc-capn";
				PRODUCT_NAME = "$(TARGET_NAME)";
				SWIFT_VERSION = 4.2;
				TARGETED_DEVICE_FAMILY = "1,2";
			};
			name = Debug;
		};
		2F4D095B2184810C00ED04D8 /* Release */ = {
			isa = XCBuildConfiguration;
			buildSettings = {
				ASSETCATALOG_COMPILER_APPICON_NAME = AppIcon;
				CODE_SIGN_STYLE = Automatic;
				DEVELOPMENT_TEAM = 26S7LY8D22;
				INFOPLIST_FILE = "mvc-capn/Info.plist";
				LD_RUNPATH_SEARCH_PATHS = (
					"$(inherited)",
					"@executable_path/Frameworks",
				);
				PRODUCT_BUNDLE_IDENTIFIER = "com.exxeapp.mvc-capn";
				PRODUCT_NAME = "$(TARGET_NAME)";
				SWIFT_VERSION = 4.2;
				TARGETED_DEVICE_FAMILY = "1,2";
			};
			name = Release;
		};
/* End XCBuildConfiguration section */

/* Begin XCConfigurationList section */
		2F4D09422184810A00ED04D8 /* Build configuration list for PBXProject "mvc-capn" */ = {
			isa = XCConfigurationList;
			buildConfigurations = (
				2F4D09572184810C00ED04D8 /* Debug */,
				2F4D09582184810C00ED04D8 /* Release */,
			);
			defaultConfigurationIsVisible = 0;
			defaultConfigurationName = Release;
		};
		2F4D09592184810C00ED04D8 /* Build configuration list for PBXNativeTarget "mvc-capn" */ = {
			isa = XCConfigurationList;
			buildConfigurations = (
				2F4D095A2184810C00ED04D8 /* Debug */,
				2F4D095B2184810C00ED04D8 /* Release */,
			);
			defaultConfigurationIsVisible = 0;
			defaultConfigurationName = Release;
		};
/* End XCConfigurationList section */
	};
	rootObject = 2F4D093F2184810A00ED04D8 /* Project object */;
}
